
Microsoft Visual Studio Solution File, Format Version 12.00
# Visual Studio Version 17
VisualStudioVersion = 17.1.32319.34
MinimumVisualStudioVersion = 10.0.40219.1
Project("{FAE04EC0-301F-11D3-BF4B-00C04F79EFBC}") = "Cobra Scanner", "Cobra Scanner\Cobra Scanner.csproj", "{547417F4-88F3-4DC9-8010-2DAE15315E7F}"
EndProject
Project("{54435603-DBB4-11D2-8724-00A0C9A8B90C}") = "SetupCobra", "SetupCobra\SetupCobra.vdproj", "{2D689D38-E496-4D20-869C-D295E5E734CB}"
EndProject
Global
	GlobalSection(SolutionConfigurationPlatforms) = preSolution
		Debug|Any CPU = Debug|Any CPU
		Release|Any CPU = Release|Any CPU
	EndGlobalSection
	GlobalSection(ProjectConfigurationPlatforms) = postSolution
		{547417F4-88F3-4DC9-8010-2DAE15315E7F}.Debug|Any CPU.ActiveCfg = Debug|Any CPU
		{547417F4-88F3-4DC9-8010-2DAE15315E7F}.Debug|Any CPU.Build.0 = Debug|Any CPU
		{547417F4-88F3-4DC9-8010-2DAE15315E7F}.Release|Any CPU.ActiveCfg = Release|Any CPU
		{547417F4-88F3-4DC9-8010-2DAE15315E7F}.Release|Any CPU.Build.0 = Release|Any CPU
		{2D689D38-E496-4D20-869C-D295E5E734CB}.Debug|Any CPU.ActiveCfg = Debug
		{2D689D38-E496-4D20-869C-D295E5E734CB}.Release|Any CPU.ActiveCfg = Release
	EndGlobalSection
	GlobalSection(SolutionProperties) = preSolution
		HideSolutionNode = FALSE
	EndGlobalSection
	GlobalSection(ExtensibilityGlobals) = postSolution
		SolutionGuid = {8327405D-B28B-4A6E-8AEB-4D3B5037D9CA}
	EndGlobalSection
EndGlobal
